# This file is autogenerated, do not edit; changes may be undone by the next 'dep ensure'.


[[projects]]
  digest = "1:abeb38ade3f32a92943e5be54f55ed6d6e3b6602761d74b4aab4c9dd45c18abd"
  name = "github.com/fsnotify/fsnotify"
  packages = ["."]
  pruneopts = "UT"
  revision = "c2828203cd70a50dcccfb2761f8b1f8ceef9a8e9"
  version = "v1.4.7"

[[projects]]
  digest = "1:fd9d04d4fe18d02ecd2cdd0b8335a3c27210b10a9a5b92b9f01ac3caf8648e36"
  name = "github.com/go-playground/locales"
  packages = [
    ".",
    "currency",
    "en",
  ]
  pruneopts = "UT"
  revision = "f63010822830b6fe52288ee52d5a1151088ce039"
  version = "v0.12.1"

[[projects]]
  digest = "1:e022cf244bcac1b6ef933f1a2e0adcf6a6dfd7b872d8d41e4d4179bb09a87cbc"
  name = "github.com/go-playground/universal-translator"
  packages = ["."]
  pruneopts = "UT"
  revision = "b32fa301c9fe55953584134cb6853a13c87ec0a1"
  version = "v0.16.0"

[[projects]]
  digest = "1:38ec74012390146c45af1f92d46e5382b50531247929ff3a685d2b2be65155ac"
  name = "github.com/gomodule/redigo"
  packages = [
    "internal",
    "redis",
  ]
  pruneopts = "UT"
  revision = "9c11da706d9b7902c6da69c592f75637793fe121"
  version = "v2.0.0"

[[projects]]
  digest = "1:4c25c85dbb11d8be785279687eb5d706aa7f8549a94411007b628c295354bc19"
  name = "github.com/gozix/glue"
  packages = ["."]
  pruneopts = "UT"
  revision = "1dcd3b0a5154436f2cec120ec75904c10b10bcbf"
  version = "v1.0.0"

[[projects]]
  digest = "1:bbdaeb4ce3168e375329b67a70de70636a99cb24b113dc65a0675e9f928804ee"
  name = "github.com/gozix/redigo"
  packages = ["."]
  pruneopts = "UT"
  revision = "ccac119b8b0af6d5e29d4cc906daa98ad86eaf48"
  version = "v1.0.0"

[[projects]]
  digest = "1:0bab8fcaccbff599184b89a851bbfc60961e495682303970d07b1c30481ebedf"
  name = "github.com/gozix/sql"
  packages = ["."]
  pruneopts = "UT"
  revision = "d22e90e4488a13d1cc7b5d7d68a7e8cf0e6f11d2"
  version = "v1.0.0"

[[projects]]
  digest = "1:e45ea6043e5a8ee87a3254f7509aa44434b72163db21d6b16570f8a75c2c1c4e"
  name = "github.com/gozix/sql-migrate"
  packages = [
    ".",
    "internal/command",
  ]
  pruneopts = "UT"
  revision = "906050a8c765c50387235399eb23f8625925953d"
  version = "v1.0.0"

[[projects]]
  digest = "1:bce56f24541806f7bbf6c8f06b38cc1d3e0323b00c53ac6721f03b72e38d6c72"
  name = "github.com/gozix/universal-translator"
  packages = ["."]
  pruneopts = "UT"
  revision = "ff013cc1616398506a6b2bb4955897ed30cfa33e"
  version = "v1.0.0"

[[projects]]
  digest = "1:580cce463f63c2fbbb69c1f948cbb7f2fdd98c9a91e4a766234df1b05c3c4b62"
  name = "github.com/gozix/validator"
  packages = ["."]
  pruneopts = "UT"
  revision = "59a4f82bcbb444233e96a32ae082d90659076b58"
  version = "v1.0.0"

[[projects]]
  digest = "1:3d28cd08c0f5cfd7618ad45c2a3ef2347d52a25bd3d17c448a82c93f7330ea78"
  name = "github.com/gozix/viper"
  packages = ["."]
  pruneopts = "UT"
  revision = "f47e578e609001ed7ed324f03472c7f70cb8be4f"
  version = "v1.0.0"

[[projects]]
  digest = "1:6643927b61338d8fe232fe50a1a27109d02bef07f1f24ca1aad74b4e8764e756"
  name = "github.com/gozix/zap"
  packages = ["."]
  pruneopts = "UT"
  revision = "7051f4309f9dd479780d9f931e2df8ac7eadf4a3"
  version = "v1.0.0"

[[projects]]
  digest = "1:c0d19ab64b32ce9fe5cf4ddceba78d5bc9807f0016db6b1183599da3dcc24d10"
  name = "github.com/hashicorp/hcl"
  packages = [
    ".",
    "hcl/ast",
    "hcl/parser",
    "hcl/printer",
    "hcl/scanner",
    "hcl/strconv",
    "hcl/token",
    "json/parser",
    "json/scanner",
    "json/token",
  ]
  pruneopts = "UT"
  revision = "8cb6e5b959231cc1119e43259c4a608f9c51a241"
  version = "v1.0.0"

[[projects]]
  digest = "1:870d441fe217b8e689d7949fef6e43efbc787e50f200cb1e70dbca9204a1d6be"
  name = "github.com/inconshreveable/mousetrap"
  packages = ["."]
  pruneopts = "UT"
  revision = "76626ae9c91c4f2a10f34cad8ce83ea42c93bb75"
  version = "v1.0"

[[projects]]
  branch = "master"
  digest = "1:3935085b1b0bb6cf7c52e66a29c8001b5b9d66b340c91a30500cce51d22e9884"
  name = "github.com/iqoption/nap"
  packages = ["."]
  pruneopts = "UT"
  revision = "1de7e4839ddb26373c70b0db00f7f4cbe4f05616"

[[projects]]
  digest = "1:6782ffc812e8e700e6952ede1e60487ff1fd9da489eff762985be662a7cfc431"
  name = "github.com/leodido/go-urn"
  packages = ["."]
  pruneopts = "UT"
  revision = "70078a794e8ea4b497ba7c19a78cd60f90ccf0f4"
  version = "v1.1.0"

[[projects]]
  digest = "1:8ef506fc2bb9ced9b151dafa592d4046063d744c646c1bbe801982ce87e4bc24"
  name = "github.com/lib/pq"
  packages = [
    ".",
    "oid",
  ]
  pruneopts = "UT"
  revision = "4ded0e9383f75c197b3a2aaa6d590ac52df6fd79"
  version = "v1.0.0"

[[projects]]
  digest = "1:53bc4cd4914cd7cd52139990d5170d6dc99067ae31c56530621b18b35fc30318"
  name = "github.com/mitchellh/mapstructure"
  packages = ["."]
  pruneopts = "UT"
  revision = "3536a929edddb9a5b34bd6861dc4a9647cb459fe"
  version = "v1.1.2"

[[projects]]
  digest = "1:cf31692c14422fa27c83a05292eb5cbe0fb2775972e8f1f8446a71549bd8980b"
  name = "github.com/pkg/errors"
  packages = ["."]
  pruneopts = "UT"
  revision = "ba968bfe8b2f7e042a574c888954fccecfa385b4"
  version = "v0.8.1"

[[projects]]
  branch = "master"
  digest = "1:83eb06141fc25c7fd89f8b39717962ac930a7480796aab3d46c7e88507a69173"
  name = "github.com/rubenv/sql-migrate"
  packages = [
    ".",
    "sqlparse",
  ]
  pruneopts = "UT"
  revision = "54bad0a9b051368ffec9cd2b869789c2b8eaea35"

[[projects]]
  digest = "1:2a022345c6d13ce61b6f2ffdf661e3706cd2955b07244f9407ac7d1495d0b9de"
  name = "github.com/sarulabs/di"
  packages = ["."]
  pruneopts = "UT"
  revision = "20b162abade70d47e85fe67047e40a56c8c6b3a9"
  version = "v2.1.0"

[[projects]]
  branch = "master"
  digest = "1:d99bfbf9dcce2c96fd46184419892282db9d996e7a8b941987d2cc985dfe42b8"
  name = "github.com/snovichkov/zap-gelf"
  packages = ["."]
  pruneopts = "UT"
  revision = "05908b1dc8aa0bed7ba85b5d061bdb6ec10c8cd1"

[[projects]]
  digest = "1:bb495ec276ab82d3dd08504bbc0594a65de8c3b22c6f2aaa92d05b73fbf3a82e"
  name = "github.com/spf13/afero"
  packages = [
    ".",
    "mem",
  ]
  pruneopts = "UT"
  revision = "588a75ec4f32903aa5e39a2619ba6a4631e28424"
  version = "v1.2.2"

[[projects]]
  digest = "1:08d65904057412fc0270fc4812a1c90c594186819243160dc779a402d4b6d0bc"
  name = "github.com/spf13/cast"
  packages = ["."]
  pruneopts = "UT"
  revision = "8c9545af88b134710ab1cd196795e7f2388358d7"
  version = "v1.3.0"

[[projects]]
  digest = "1:645cabccbb4fa8aab25a956cbcbdf6a6845ca736b2c64e197ca7cbb9d210b939"
  name = "github.com/spf13/cobra"
  packages = ["."]
  pruneopts = "UT"
  revision = "ef82de70bb3f60c65fb8eebacbb2d122ef517385"
  version = "v0.0.3"

[[projects]]
  digest = "1:1b753ec16506f5864d26a28b43703c58831255059644351bbcb019b843950900"
  name = "github.com/spf13/jwalterweatherman"
  packages = ["."]
  pruneopts = "UT"
  revision = "94f6ae3ed3bceceafa716478c5fbf8d29ca601a1"
  version = "v1.1.0"

[[projects]]
  digest = "1:c1b1102241e7f645bc8e0c22ae352e8f0dc6484b6cb4d132fa9f24174e0119e2"
  name = "github.com/spf13/pflag"
  packages = ["."]
  pruneopts = "UT"
  revision = "298182f68c66c05229eb03ac171abe6e309ee79a"
  version = "v1.0.3"

[[projects]]
  digest = "1:1b773526998f3dbde3a51a4a5881680c4d237d3600f570d900f97ac93c7ba0a8"
  name = "github.com/spf13/viper"
  packages = ["."]
  pruneopts = "UT"
  revision = "9e56dacc08fbbf8c9ee2dbc717553c758ce42bc9"
  version = "v1.3.2"

[[projects]]
  digest = "1:3c1a69cdae3501bf75e76d0d86dc6f2b0a7421bc205c0cb7b96b19eed464a34d"
  name = "go.uber.org/atomic"
  packages = ["."]
  pruneopts = "UT"
  revision = "1ea20fb1cbb1cc08cbd0d913a96dead89aa18289"
  version = "v1.3.2"

[[projects]]
  digest = "1:60bf2a5e347af463c42ed31a493d817f8a72f102543060ed992754e689805d1a"
  name = "go.uber.org/multierr"
  packages = ["."]
  pruneopts = "UT"
  revision = "3c4937480c32f4c13a875a1829af76c98ca3d40a"
  version = "v1.1.0"

[[projects]]
  digest = "1:c52caf7bd44f92e54627a31b85baf06a68333a196b3d8d241480a774733dcf8b"
  name = "go.uber.org/zap"
  packages = [
    ".",
    "buffer",
    "internal/bufferpool",
    "internal/color",
    "internal/exit",
    "zapcore",
  ]
  pruneopts = "UT"
  revision = "ff33455a0e382e8a81d14dd7c922020b6b5e7982"
  version = "v1.9.1"

[[projects]]
  branch = "master"
  digest = "1:e18c1645adfe83d66f80d3676040e478895669f9456ca8bafa6a7290656c1b48"
  name = "golang.org/x/sys"
  packages = ["unix"]
  pruneopts = "UT"
  revision = "81d4e9dc473e5e8c933f2aaeba2a3d81efb9aed2"

[[projects]]
  digest = "1:8029e9743749d4be5bc9f7d42ea1659471767860f0cdc34d37c3111bd308a295"
  name = "golang.org/x/text"
  packages = [
    "internal/gen",
    "internal/triegen",
    "internal/ucd",
    "transform",
    "unicode/cldr",
    "unicode/norm",
  ]
  pruneopts = "UT"
  revision = "f21a4dfb5e38f5895301dc265a8def02365cc3d0"
  version = "v0.3.0"

[[projects]]
  digest = "1:d9ed69c1d4d528e4a7779accc3ee070e68760cdd822f69ff2cf8ae0f677afbe2"
  name = "gopkg.in/go-playground/validator.v9"
  packages = [
    ".",
    "translations/en",
  ]
  pruneopts = "UT"
  revision = "46b4b1e301c24cac870ffcb4ba5c8a703d1ef475"
  version = "v9.28.0"

[[projects]]
  digest = "1:1b36b0cb56126316f637ad55cfd5ed84c945fe45bd90e944666b4107a80a1da9"
  name = "gopkg.in/gorp.v1"
  packages = ["."]
  pruneopts = "UT"
  revision = "6a667da9c028871f98598d85413e3fc4c6daa52e"
  version = "v1.7.2"

[solve-meta]
  analyzer-name = "dep"
  analyzer-version = 1
  input-imports = [
    "github.com/gozix/glue",
    "github.com/gozix/redigo",
    "github.com/gozix/sql",
    "github.com/gozix/sql-migrate",
    "github.com/gozix/universal-translator",
    "github.com/gozix/validator",
    "github.com/gozix/viper",
    "github.com/gozix/zap",
    "github.com/iqoption/nap",
    "github.com/lib/pq",
    "github.com/pkg/errors",
    "github.com/sarulabs/di",
    "github.com/spf13/cobra",
    "go.uber.org/zap",
    "gopkg.in/go-playground/validator.v9",
  ]
  solver-name = "gps-cdcl"
  solver-version = 1
