# This file is autogenerated, do not edit; changes may be undone by the next 'dep ensure'.


[[projects]]
  digest = "1:abeb38ade3f32a92943e5be54f55ed6d6e3b6602761d74b4aab4c9dd45c18abd"
  name = "github.com/fsnotify/fsnotify"
  packages = ["."]
  pruneopts = "UT"
  revision = "c2828203cd70a50dcccfb2761f8b1f8ceef9a8e9"
  version = "v1.4.7"

[[projects]]
  digest = "1:fd9d04d4fe18d02ecd2cdd0b8335a3c27210b10a9a5b92b9f01ac3caf8648e36"
  name = "github.com/go-playground/locales"
  packages = [
    ".",
    "currency",
    "en",
  ]
  pruneopts = "UT"
  revision = "f63010822830b6fe52288ee52d5a1151088ce039"
  version = "v0.12.1"

[[projects]]
  digest = "1:e022cf244bcac1b6ef933f1a2e0adcf6a6dfd7b872d8d41e4d4179bb09a87cbc"
  name = "github.com/go-playground/universal-translator"
  packages = ["."]
  pruneopts = "UT"
  revision = "b32fa301c9fe55953584134cb6853a13c87ec0a1"
  version = "v0.16.0"

[[projects]]
  digest = "1:38ec74012390146c45af1f92d46e5382b50531247929ff3a685d2b2be65155ac"
  name = "github.com/gomodule/redigo"
  packages = [
    "internal",
    "redis",
  ]
  pruneopts = "UT"
  revision = "9c11da706d9b7902c6da69c592f75637793fe121"
  version = "v2.0.0"

[[projects]]
  digest = "1:4c25c85dbb11d8be785279687eb5d706aa7f8549a94411007b628c295354bc19"
  name = "github.com/gozix/glue"
  packages = ["."]
  pruneopts = "UT"
  revision = "1dcd3b0a5154436f2cec120ec75904c10b10bcbf"
  version = "v1.0.0"

[[projects]]
  digest = "1:bbdaeb4ce3168e375329b67a70de70636a99cb24b113dc65a0675e9f928804ee"
  name = "github.com/gozix/redigo"
  packages = ["."]
  pruneopts = "UT"
  revision = "ccac119b8b0af6d5e29d4cc906daa98ad86eaf48"
  version = "v1.0.0"

[[projects]]
  digest = "1:0bab8fcaccbff599184b89a851bbfc60961e495682303970d07b1c30481ebedf"
  name = "github.com/gozix/sql"
  packages = ["."]
  pruneopts = "UT"
  revision = "d22e90e4488a13d1cc7b5d7d68a7e8cf0e6f11d2"
  version = "v1.0.0"

[[projects]]
  digest = "1:765620e112dc041d76d8547b7746308360a05416f9544dd0004402bc3f4299aa"
  name = "github.com/gozix/sql-migrate"
  packages = [
    ".",
    "internal/command",
  ]
  pruneopts = "UT"
  revision = "8a0e59fae2589e8ed1e44122763736940bbb566f"
  version = "v1.0.1"

[[projects]]
  digest = "1:bce56f24541806f7bbf6c8f06b38cc1d3e0323b00c53ac6721f03b72e38d6c72"
  name = "github.com/gozix/universal-translator"
  packages = ["."]
  pruneopts = "UT"
  revision = "ff013cc1616398506a6b2bb4955897ed30cfa33e"
  version = "v1.0.0"

[[projects]]
  digest = "1:580cce463f63c2fbbb69c1f948cbb7f2fdd98c9a91e4a766234df1b05c3c4b62"
  name = "github.com/gozix/validator"
  packages = ["."]
  pruneopts = "UT"
  revision = "59a4f82bcbb444233e96a32ae082d90659076b58"
  version = "v1.0.0"

[[projects]]
  digest = "1:3d28cd08c0f5cfd7618ad45c2a3ef2347d52a25bd3d17c448a82c93f7330ea78"
  name = "github.com/gozix/viper"
  packages = ["."]
  pruneopts = "UT"
  revision = "f47e578e609001ed7ed324f03472c7f70cb8be4f"
  version = "v1.0.0"

[[projects]]
  digest = "1:e6128b77a3126de1abdcb2ee1d39e5ad1dfad51648dc182dd55fc745f12b4b90"
  name = "github.com/gozix/zap"
  packages = ["."]
  pruneopts = "UT"
  revision = "8ff97aef65427dd1b6d37cd300ccb25a6343b396"
  version = "v1.2.0"

[[projects]]
  digest = "1:c0d19ab64b32ce9fe5cf4ddceba78d5bc9807f0016db6b1183599da3dcc24d10"
  name = "github.com/hashicorp/hcl"
  packages = [
    ".",
    "hcl/ast",
    "hcl/parser",
    "hcl/printer",
    "hcl/scanner",
    "hcl/strconv",
    "hcl/token",
    "json/parser",
    "json/scanner",
    "json/token",
  ]
  pruneopts = "UT"
  revision = "8cb6e5b959231cc1119e43259c4a608f9c51a241"
  version = "v1.0.0"

[[projects]]
  digest = "1:870d441fe217b8e689d7949fef6e43efbc787e50f200cb1e70dbca9204a1d6be"
  name = "github.com/inconshreveable/mousetrap"
  packages = ["."]
  pruneopts = "UT"
  revision = "76626ae9c91c4f2a10f34cad8ce83ea42c93bb75"
  version = "v1.0"

[[projects]]
  branch = "master"
  digest = "1:3935085b1b0bb6cf7c52e66a29c8001b5b9d66b340c91a30500cce51d22e9884"
  name = "github.com/iqoption/nap"
  packages = ["."]
  pruneopts = "UT"
  revision = "1de7e4839ddb26373c70b0db00f7f4cbe4f05616"

[[projects]]
  digest = "1:6782ffc812e8e700e6952ede1e60487ff1fd9da489eff762985be662a7cfc431"
  name = "github.com/leodido/go-urn"
  packages = ["."]
  pruneopts = "UT"
  revision = "70078a794e8ea4b497ba7c19a78cd60f90ccf0f4"
  version = "v1.1.0"

[[projects]]
  digest = "1:bdd53b87de8185da386bae179c84d4848854c6870bacacf6a154fe63e2e750f7"
  name = "github.com/lib/pq"
  packages = [
    ".",
    "oid",
    "scram",
  ]
  pruneopts = "UT"
  revision = "bc6a3c0594130b1e34005880bc600b6d3f49fa7f"
  version = "v1.1.1"

[[projects]]
  digest = "1:53bc4cd4914cd7cd52139990d5170d6dc99067ae31c56530621b18b35fc30318"
  name = "github.com/mitchellh/mapstructure"
  packages = ["."]
  pruneopts = "UT"
  revision = "3536a929edddb9a5b34bd6861dc4a9647cb459fe"
  version = "v1.1.2"

[[projects]]
  digest = "1:cf31692c14422fa27c83a05292eb5cbe0fb2775972e8f1f8446a71549bd8980b"
  name = "github.com/pkg/errors"
  packages = ["."]
  pruneopts = "UT"
  revision = "ba968bfe8b2f7e042a574c888954fccecfa385b4"
  version = "v0.8.1"

[[projects]]
  branch = "master"
  digest = "1:83eb06141fc25c7fd89f8b39717962ac930a7480796aab3d46c7e88507a69173"
  name = "github.com/rubenv/sql-migrate"
  packages = [
    ".",
    "sqlparse",
  ]
  pruneopts = "UT"
  revision = "54bad0a9b051368ffec9cd2b869789c2b8eaea35"

[[projects]]
  digest = "1:ae8d0283064c4f3c31b432caccd91f45a5c3c9ab616c2280c7e4f2ca4a465962"
  name = "github.com/sarulabs/di"
  packages = ["."]
  pruneopts = "UT"
  revision = "aefea82d14aa34cf1b81c8fea53e20f48855a364"
  version = "v2.1.1"

[[projects]]
  branch = "master"
  digest = "1:d99bfbf9dcce2c96fd46184419892282db9d996e7a8b941987d2cc985dfe42b8"
  name = "github.com/snovichkov/zap-gelf"
  packages = ["."]
  pruneopts = "UT"
  revision = "05908b1dc8aa0bed7ba85b5d061bdb6ec10c8cd1"

[[projects]]
  digest = "1:bb495ec276ab82d3dd08504bbc0594a65de8c3b22c6f2aaa92d05b73fbf3a82e"
  name = "github.com/spf13/afero"
  packages = [
    ".",
    "mem",
  ]
  pruneopts = "UT"
  revision = "588a75ec4f32903aa5e39a2619ba6a4631e28424"
  version = "v1.2.2"

[[projects]]
  digest = "1:08d65904057412fc0270fc4812a1c90c594186819243160dc779a402d4b6d0bc"
  name = "github.com/spf13/cast"
  packages = ["."]
  pruneopts = "UT"
  revision = "8c9545af88b134710ab1cd196795e7f2388358d7"
  version = "v1.3.0"

[[projects]]
  digest = "1:e096613fb7cf34743d49af87d197663cfccd61876e2219853005a57baedfa562"
  name = "github.com/spf13/cobra"
  packages = ["."]
  pruneopts = "UT"
  revision = "f2b07da1e2c38d5f12845a4f607e2e1018cbb1f5"
  version = "v0.0.5"

[[projects]]
  digest = "1:1b753ec16506f5864d26a28b43703c58831255059644351bbcb019b843950900"
  name = "github.com/spf13/jwalterweatherman"
  packages = ["."]
  pruneopts = "UT"
  revision = "94f6ae3ed3bceceafa716478c5fbf8d29ca601a1"
  version = "v1.1.0"

[[projects]]
  digest = "1:c1b1102241e7f645bc8e0c22ae352e8f0dc6484b6cb4d132fa9f24174e0119e2"
  name = "github.com/spf13/pflag"
  packages = ["."]
  pruneopts = "UT"
  revision = "298182f68c66c05229eb03ac171abe6e309ee79a"
  version = "v1.0.3"

[[projects]]
  digest = "1:11118bd196646c6515fea3d6c43f66162833c6ae4939bfb229b9956d91c6cf17"
  name = "github.com/spf13/viper"
  packages = ["."]
  pruneopts = "UT"
  revision = "b5bf975e5823809fb22c7644d008757f78a4259e"
  version = "v1.4.0"

[[projects]]
  digest = "1:a5158647b553c61877aa9ae74f4015000294e47981e6b8b07525edcbb0747c81"
  name = "go.uber.org/atomic"
  packages = ["."]
  pruneopts = "UT"
  revision = "df976f2515e274675050de7b3f42545de80594fd"
  version = "v1.4.0"

[[projects]]
  digest = "1:60bf2a5e347af463c42ed31a493d817f8a72f102543060ed992754e689805d1a"
  name = "go.uber.org/multierr"
  packages = ["."]
  pruneopts = "UT"
  revision = "3c4937480c32f4c13a875a1829af76c98ca3d40a"
  version = "v1.1.0"

[[projects]]
  digest = "1:676160e6a4722b08e0e26b11521d575c2cb2b6f0c679e1ee6178c5d8dee51e5e"
  name = "go.uber.org/zap"
  packages = [
    ".",
    "buffer",
    "internal/bufferpool",
    "internal/color",
    "internal/exit",
    "zapcore",
  ]
  pruneopts = "UT"
  revision = "27376062155ad36be76b0f12cf1572a221d3a48c"
  version = "v1.10.0"

[[projects]]
  branch = "master"
  digest = "1:f928471955a5e8c1d148de46c6660e9fc4d08fa0ed065f90d9adba8fe1fe6101"
  name = "golang.org/x/sys"
  packages = ["unix"]
  pruneopts = "UT"
  revision = "b47fdc937951267e2d980171881317deea47f29b"

[[projects]]
  digest = "1:1093f2eb4b344996604f7d8b29a16c5b22ab9e1b25652140d3fede39f640d5cd"
  name = "golang.org/x/text"
  packages = [
    "internal/gen",
    "internal/triegen",
    "internal/ucd",
    "transform",
    "unicode/cldr",
    "unicode/norm",
  ]
  pruneopts = "UT"
  revision = "342b2e1fbaa52c93f31447ad2c6abc048c63e475"
  version = "v0.3.2"

[[projects]]
  digest = "1:206543450b862d116cd5375d20df0124c3ebeed0411e7acd96eaf14bdb4c1f51"
  name = "gopkg.in/go-playground/validator.v9"
  packages = [
    ".",
    "translations/en",
  ]
  pruneopts = "UT"
  revision = "884d31b8cad6a1ec877f2400d555924cea03bbea"
  version = "v9.29.0"

[[projects]]
  digest = "1:1b36b0cb56126316f637ad55cfd5ed84c945fe45bd90e944666b4107a80a1da9"
  name = "gopkg.in/gorp.v1"
  packages = ["."]
  pruneopts = "UT"
  revision = "6a667da9c028871f98598d85413e3fc4c6daa52e"
  version = "v1.7.2"

[solve-meta]
  analyzer-name = "dep"
  analyzer-version = 1
  input-imports = [
    "github.com/gozix/glue",
    "github.com/gozix/redigo",
    "github.com/gozix/sql",
    "github.com/gozix/sql-migrate",
    "github.com/gozix/universal-translator",
    "github.com/gozix/validator",
    "github.com/gozix/viper",
    "github.com/gozix/zap",
    "github.com/iqoption/nap",
    "github.com/lib/pq",
    "github.com/pkg/errors",
    "github.com/sarulabs/di",
    "github.com/spf13/cobra",
    "go.uber.org/zap",
    "gopkg.in/go-playground/validator.v9",
  ]
  solver-name = "gps-cdcl"
  solver-version = 1
